{
  "lockfileVersion": 1,
  "configVersion": 1,
  "workspaces": {
    "": {
      "name": "strata",
      "dependencies": {
        "oxc-parser": "^0.129.0",
      },
      "devDependencies": {
        "@types/bun": "^1.3.2",
        "@types/node": "^22.15.3",
        "typescript": "^5.8.3",
      },
    },
  },
  "packages": {
    "@emnapi/core": ["@emnapi/core@1.10.0", "", { "dependencies": { "@emnapi/wasi-threads": "1.2.1", "tslib": "^2.4.0" } }, "sha512-yq6OkJ4p82CAfPl0u9mQebQHKPJkY7WrIuk205cTYnYe+k2Z8YBh11FrbRG/H6ihirqcacOgl2BIO8oyMQLeXw=="],

    "@emnapi/runtime": ["@emnapi/runtime@1.10.0", "", { "dependencies": { "tslib": "^2.4.0" } }, "sha512-ewvYlk86xUoGI0zQRNq/mC+16R1QeDlKQy21Ki3oSYXNgLb45GV1P6A0M+/s6nyCuNDqe5VpaY84BzXGwVbwFA=="],

    "@emnapi/wasi-threads": ["@emnapi/wasi-threads@1.2.1", "", { "dependencies": { "tslib": "^2.4.0" } }, "sha512-uTII7OYF+/Mes/MrcIOYp5yOtSMLBWSIoLPpcgwipoiKbli6k322tcoFsxoIIxPDqW01SQGAgko4EzZi2BNv2w=="],

    "@napi-rs/wasm-runtime": ["@napi-rs/wasm-runtime@1.1.4", "", { "dependencies": { "@tybys/wasm-util": "^0.10.1" }, "peerDependencies": { "@emnapi/core": "^1.7.1", "@emnapi/runtime": "^1.7.1" } }, "sha512-3NQNNgA1YSlJb/kMH1ildASP9HW7/7kYnRI2szWJaofaS1hWmbGI4H+d3+22aGzXXN9IJ+n+GiFVcGipJP18ow=="],

    "@oxc-parser/binding-android-arm-eabi": ["@oxc-parser/binding-android-arm-eabi@0.129.0", "", { "os": "android", "cpu": "arm" }, "sha512-sG37CfXLlYXdDrggAFO/mKcO4w36piwf862xAZXIuf3nzKhWK1FvW4dqie+06++z+mDto2QeOQSvhyzBeK5jsQ=="],

    "@oxc-parser/binding-android-arm64": ["@oxc-parser/binding-android-arm64@0.129.0", "", { "os": "android", "cpu": "arm64" }, "sha512-DVyLFN2+S0VOhT6lm5++tFqlu3x2Njiby6y5DhTzjV5uRsZWpifsBn6+yjtwAxl105peEjs5BHE3ToBJuQjLTg=="],

    "@oxc-parser/binding-darwin-arm64": ["@oxc-parser/binding-darwin-arm64@0.129.0", "", { "os": "darwin", "cpu": "arm64" }, "sha512-QeqThtB8qax4IL+NFBWgshudyKkj5c076L8vyd8PCEx7U1wHyIbH49MEQ5J5iURFhUW5jiFmdnLKEwyOo0GAJA=="],

    "@oxc-parser/binding-darwin-x64": ["@oxc-parser/binding-darwin-x64@0.129.0", "", { "os": "darwin", "cpu": "x64" }, "sha512-zn5+7nv4DlK4uFgblmhKm6xRV0QUHXOHyIDkjmhxJ53xSA9ahkb3pHNiHesNPXn/nK/VWU+C+Z6JYHdatZBh7g=="],

    "@oxc-parser/binding-freebsd-x64": ["@oxc-parser/binding-freebsd-x64@0.129.0", "", { "os": "freebsd", "cpu": "x64" }, "sha512-SPTcDBiHWlgRpWFC1jnoi0sBWqCw4DFR+4b8+dV+NAhUu2ONERWyIVIOCfcE9a8BlvZsDCuXf3l/x7wQUs1Rsw=="],

    "@oxc-parser/binding-linux-arm-gnueabihf": ["@oxc-parser/binding-linux-arm-gnueabihf@0.129.0", "", { "os": "linux", "cpu": "arm" }, "sha512-Rgc9+WNKLbc+chyDTXyyJ7gbgLo+ve27CrRnmIwGgucGflrBZbutge5jdPPegcgf46RrR4dkBbMCp0/x16mdig=="],

    "@oxc-parser/binding-linux-arm-musleabihf": ["@oxc-parser/binding-linux-arm-musleabihf@0.129.0", "", { "os": "linux", "cpu": "arm" }, "sha512-YtSsJ51VysXqlO8Cs2mWTyXvxBRemTHj4WDQjXwKl0SAxh+CVrEdXrdH+RnjxLj3JCUMFeYuHs5c+/DImfbKkg=="],

    "@oxc-parser/binding-linux-arm64-gnu": ["@oxc-parser/binding-linux-arm64-gnu@0.129.0", "", { "os": "linux", "cpu": "arm64" }, "sha512-9oK8iQr9KtgI5JhaJ+5IwiQsXEo6NuasFgovtJGrdK/RxbA0bO4YKRvVY7M+8lozUCVz1U7XrFFODv3emIOPRA=="],

    "@oxc-parser/binding-linux-arm64-musl": ["@oxc-parser/binding-linux-arm64-musl@0.129.0", "", { "os": "linux", "cpu": "arm64" }, "sha512-GghE/bf9ZqgqZFxLacgP0ImVD6UiLKQOpvpgUoIsqjopu2ms/+p1L0d0Dv2Sck+8p0FbKS2WE3IjqmIlLbxJgA=="],

    "@oxc-parser/binding-linux-ppc64-gnu": ["@oxc-parser/binding-linux-ppc64-gnu@0.129.0", "", { "os": "linux", "cpu": "ppc64" }, "sha512-A2PW0UbERzKGV6fKX1zoe2Tkc1zVcEJSSPW9IUSKbZAPuPe+M5/5hTA+6fQbWmevabe2B3IDky66a1lFGjpBKA=="],

    "@oxc-parser/binding-linux-riscv64-gnu": ["@oxc-parser/binding-linux-riscv64-gnu@0.129.0", "", { "os": "linux", "cpu": "none" }, "sha512-omwxd9H+jrl1T72RI666k4ho7Eli2iHdELzf+dL0D+uXThNZXYJCbKjm5rK2hrHmDy4O+NWv7+khBrEkorLsgw=="],

    "@oxc-parser/binding-linux-riscv64-musl": ["@oxc-parser/binding-linux-riscv64-musl@0.129.0", "", { "os": "linux", "cpu": "none" }, "sha512-v2hi8id+M8C0uY8uuG2t2a5vr8H9XyHXiHL12yMdMNtgn04nnM/8hlOGuoJuxVc07PhClNiaoSaY2eXehSRa7w=="],

    "@oxc-parser/binding-linux-s390x-gnu": ["@oxc-parser/binding-linux-s390x-gnu@0.129.0", "", { "os": "linux", "cpu": "s390x" }, "sha512-UXrdDyLh1Obgj5X+IVVXWoo5/FJbFsU8/uLQ/M9lkVUwBUKpRFxNEhzwBNv21qqdKgAh+pr2CCVD8J1JfRPsIQ=="],

    "@oxc-parser/binding-linux-x64-gnu": ["@oxc-parser/binding-linux-x64-gnu@0.129.0", "", { "os": "linux", "cpu": "x64" }, "sha512-hsL/3/kdX9FGLqOj8DR3Eki4Y6zO1i3+ZHhiPwX0hDt4n+18abkfUzePCv3h8SShprwCmwdxPnlrebZ5+MZ+cw=="],

    "@oxc-parser/binding-linux-x64-musl": ["@oxc-parser/binding-linux-x64-musl@0.129.0", "", { "os": "linux", "cpu": "x64" }, "sha512-kdXvJ4crOeRld3vWl0J0VU4nmnT4pZ3lKGA5tZ1y0UPWsBtElDYd+jsz4lE36tpAbCiWm0M0PG0laUNBSE+Wlw=="],

    "@oxc-parser/binding-openharmony-arm64": ["@oxc-parser/binding-openharmony-arm64@0.129.0", "", { "os": "none", "cpu": "arm64" }, "sha512-DusJfcK7EGwf9TEakB+z6SXCLdHGvDZ8U8882bzWb4oVrORHpbkFl9npS7cN3YC2axcVKoktbxZevS1nxVCKFw=="],

    "@oxc-parser/binding-wasm32-wasi": ["@oxc-parser/binding-wasm32-wasi@0.129.0", "", { "dependencies": { "@emnapi/core": "1.10.0", "@emnapi/runtime": "1.10.0", "@napi-rs/wasm-runtime": "^1.1.4" }, "cpu": "none" }, "sha512-Iie9CcII+ELSinKFnxTR15xhI9qriVivEhbFh3driRNbzms/5ioDAU0fwe8Mf1FEaz3n2FtiUVX0h0nwKLYk0A=="],

    "@oxc-parser/binding-win32-arm64-msvc": ["@oxc-parser/binding-win32-arm64-msvc@0.129.0", "", { "os": "win32", "cpu": "arm64" }, "sha512-99kH1udLyrts+wGm+u0VhPbogkb2wxc/6J1XMKOpS6Kx5DjBWGRZZfBjfCGI3xKSInpYbZn4TLWLX1Q1GURYwg=="],

    "@oxc-parser/binding-win32-ia32-msvc": ["@oxc-parser/binding-win32-ia32-msvc@0.129.0", "", { "os": "win32", "cpu": "ia32" }, "sha512-tmSBR1A4yH697qV291xKyDe4OAWFchJ+cXf2wuipx/vK3n5d5Ej9MVLRtXlIcZ38n8qAjsF0/AnskaYgxM151A=="],

    "@oxc-parser/binding-win32-x64-msvc": ["@oxc-parser/binding-win32-x64-msvc@0.129.0", "", { "os": "win32", "cpu": "x64" }, "sha512-Z1PbJvkPeLASIUxa3AnrQ5H+vv1K9zC0IGnQqoKfM0ZvsvCSe0d3u5m7d9iuy+HB7GrcElHuwKb0d0qFdtG0iA=="],

    "@oxc-project/types": ["@oxc-project/types@0.129.0", "", {}, "sha512-3oz8m3FGdr2nDXVqmFUw7jolKliC4MoyXYIG2c7gpjBnzUWQpUGIYcXYKxTdTi+N2jusvt610ckTMkxdwHkYEg=="],

    "@tybys/wasm-util": ["@tybys/wasm-util@0.10.2", "", { "dependencies": { "tslib": "^2.4.0" } }, "sha512-RoBvJ2X0wuKlWFIjrwffGw1IqZHKQqzIchKaadZZfnNpsAYp2mM0h36JtPCjNDAHGgYez/15uMBpfGwchhiMgg=="],

    "@types/bun": ["@types/bun@1.3.13", "", { "dependencies": { "bun-types": "1.3.13" } }, "sha512-9fqXWk5YIHGGnUau9TEi+qdlTYDAnOj+xLCmSTwXfAIqXr2x4tytJb43E9uCvt09zJURKXwAtkoH4nLQfzeTXw=="],

    "@types/node": ["@types/node@22.19.18", "", { "dependencies": { "undici-types": "~6.21.0" } }, "sha512-9v00a+dn2yWVsYDEunWC4g/TcRKVq3r8N5FuZp7u0SGrPvdN9c2yXI9bBuf5Fl0hNCb+QTIePTn5pJs2pwBOQQ=="],

    "bun-types": ["bun-types@1.3.13", "", { "dependencies": { "@types/node": "*" } }, "sha512-QXKeHLlOLqQX9LgYaHJfzdBaV21T63HhFJnvuRCcjZiaUDpbs5ED1MgxbMra71CsryN/1dAoXuJJJwIv/2drVA=="],

    "oxc-parser": ["oxc-parser@0.129.0", "", { "dependencies": { "@oxc-project/types": "^0.129.0" }, "optionalDependencies": { "@oxc-parser/binding-android-arm-eabi": "0.129.0", "@oxc-parser/binding-android-arm64": "0.129.0", "@oxc-parser/binding-darwin-arm64": "0.129.0", "@oxc-parser/binding-darwin-x64": "0.129.0", "@oxc-parser/binding-freebsd-x64": "0.129.0", "@oxc-parser/binding-linux-arm-gnueabihf": "0.129.0", "@oxc-parser/binding-linux-arm-musleabihf": "0.129.0", "@oxc-parser/binding-linux-arm64-gnu": "0.129.0", "@oxc-parser/binding-linux-arm64-musl": "0.129.0", "@oxc-parser/binding-linux-ppc64-gnu": "0.129.0", "@oxc-parser/binding-linux-riscv64-gnu": "0.129.0", "@oxc-parser/binding-linux-riscv64-musl": "0.129.0", "@oxc-parser/binding-linux-s390x-gnu": "0.129.0", "@oxc-parser/binding-linux-x64-gnu": "0.129.0", "@oxc-parser/binding-linux-x64-musl": "0.129.0", "@oxc-parser/binding-openharmony-arm64": "0.129.0", "@oxc-parser/binding-wasm32-wasi": "0.129.0", "@oxc-parser/binding-win32-arm64-msvc": "0.129.0", "@oxc-parser/binding-win32-ia32-msvc": "0.129.0", "@oxc-parser/binding-win32-x64-msvc": "0.129.0" } }, "sha512-S6eFI+VLkpyA+/Lf8z6qURjDV6Mgo74SLNznNopHTlQW3hedv2MB/z31kBRuBCCTqZN9HHdva0ojljEhPnBKFA=="],

    "tslib": ["tslib@2.8.1", "", {}, "sha512-oJFu94HQb+KVduSUQL7wnpmqnfmLsOA/nAh6b6EH0wCEoK0/mPeXU6c3wKDV83MkOuHPRHtSXKKU99IBazS/2w=="],

    "typescript": ["typescript@5.9.3", "", { "bin": { "tsc": "bin/tsc", "tsserver": "bin/tsserver" } }, "sha512-jl1vZzPDinLr9eUt3J/t7V6FgNEw9QjvBPdysz9KfQDD41fQrC2Y4vKQdiaUpFT4bXlb1RHhLpp8wtm6M5TgSw=="],

    "undici-types": ["undici-types@6.21.0", "", {}, "sha512-iwDZqg0QAGrg9Rav5H4n0M64c3mkR59cJ6wQp+7C4nI0gsmExaedaYLNO44eT4AtBBwjbTiGPMlt2Md0T9H9JQ=="],
  }
}
